
Microsoft Visual Studio Solution File, Format Version 12.00
# Visual Studio Version 16
VisualStudioVersion = 16.0.28803.452
MinimumVisualStudioVersion = 10.0.40219.1
Project("{D954291E-2A0B-460D-934E-DC6B0785DB48}") = "DesktopGLBug.SharedProject", "DesktopGLBug.SharedProject\DesktopGLBug.SharedProject.shproj", "{19628CB8-B87D-471C-BDF1-C640A73FFE67}"
EndProject
Project("{FAE04EC0-301F-11D3-BF4B-00C04F79EFBC}") = "DesktopGLBug.WindowsDX", "DesktopGLBug.WindowsDX\DesktopGLBug.WindowsDX.csproj", "{B91E579E-2D56-41F2-B086-3467EBF1D07C}"
EndProject
Project("{D954291E-2A0B-460D-934E-DC6B0785DB48}") = "MenuBuddy.SharedProject", "..\MenuBuddy\MenuBuddy\MenuBuddy.SharedProject\MenuBuddy.SharedProject.shproj", "{0D2B86EA-9261-4F94-87A8-10EEEE72EC22}"
EndProject
Project("{FAE04EC0-301F-11D3-BF4B-00C04F79EFBC}") = "MenuBuddy.WindowsDX", "..\MenuBuddy\MenuBuddy\MenuBuddy.WindowsDX\MenuBuddy.WindowsDX.csproj", "{A1336584-CAD7-4B4A-94E1-93788BDC313C}"
EndProject
Project("{D954291E-2A0B-460D-934E-DC6B0785DB48}") = "FontBuddy.SharedProject", "..\FontBuddy\FontBuddy\FontBuddy.SharedProject\FontBuddy.SharedProject.shproj", "{EA0D8EEA-C495-44DA-B260-162C5B5C44C1}"
EndProject
Project("{FAE04EC0-301F-11D3-BF4B-00C04F79EFBC}") = "FontBuddyLib.WindowsDX", "..\FontBuddy\FontBuddy\FontBuddy.WindowsDX\FontBuddyLib.WindowsDX.csproj", "{049AA555-682C-498D-BDE1-AE949F8C300C}"
EndProject
Project("{9A19103F-16F7-4668-BE54-9A1E7A4F7556}") = "MonoGame.Framework.DesktopGL", "..\MonoGame\MonoGame.Framework\MonoGame.Framework.DesktopGL.csproj", "{02C0A20B-6B86-488A-90D6-46F2A0325036}"
EndProject
Global
	GlobalSection(SharedMSBuildProjectFiles) = preSolution
		..\FontBuddy\FontBuddy\FontBuddy.SharedProject\FontBuddy.SharedProject.projitems*{049aa555-682c-498d-bde1-ae949f8c300c}*SharedItemsImports = 4
		..\MenuBuddy\MenuBuddy\MenuBuddy.SharedProject\MenuBuddy.SharedProject.projitems*{0d2b86ea-9261-4f94-87a8-10eeee72ec22}*SharedItemsImports = 13
		DesktopGLBug.SharedProject\DesktopGLBug.SharedProject.projitems*{19628cb8-b87d-471c-bdf1-c640a73ffe67}*SharedItemsImports = 13
		..\MenuBuddy\MenuBuddy\MenuBuddy.SharedProject\MenuBuddy.SharedProject.projitems*{a1336584-cad7-4b4a-94e1-93788bdc313c}*SharedItemsImports = 4
		DesktopGLBug.SharedProject\DesktopGLBug.SharedProject.projitems*{b91e579e-2d56-41f2-b086-3467ebf1d07c}*SharedItemsImports = 4
		..\FontBuddy\FontBuddy\FontBuddy.SharedProject\FontBuddy.SharedProject.projitems*{ea0d8eea-c495-44da-b260-162c5b5c44c1}*SharedItemsImports = 13
	EndGlobalSection
	GlobalSection(SolutionConfigurationPlatforms) = preSolution
		Ad-Hoc|Any CPU = Ad-Hoc|Any CPU
		Ad-Hoc|ARM = Ad-Hoc|ARM
		Ad-Hoc|iPhone = Ad-Hoc|iPhone
		Ad-Hoc|iPhoneSimulator = Ad-Hoc|iPhoneSimulator
		Ad-Hoc|x64 = Ad-Hoc|x64
		Ad-Hoc|x86 = Ad-Hoc|x86
		AppStore|Any CPU = AppStore|Any CPU
		AppStore|ARM = AppStore|ARM
		AppStore|iPhone = AppStore|iPhone
		AppStore|iPhoneSimulator = AppStore|iPhoneSimulator
		AppStore|x64 = AppStore|x64
		AppStore|x86 = AppStore|x86
		Debug|Any CPU = Debug|Any CPU
		Debug|ARM = Debug|ARM
		Debug|iPhone = Debug|iPhone
		Debug|iPhoneSimulator = Debug|iPhoneSimulator
		Debug|x64 = Debug|x64
		Debug|x86 = Debug|x86
		Release|Any CPU = Release|Any CPU
		Release|ARM = Release|ARM
		Release|iPhone = Release|iPhone
		Release|iPhoneSimulator = Release|iPhoneSimulator
		Release|x64 = Release|x64
		Release|x86 = Release|x86
	EndGlobalSection
	GlobalSection(ProjectConfigurationPlatforms) = postSolution
		{B91E579E-2D56-41F2-B086-3467EBF1D07C}.Ad-Hoc|Any CPU.ActiveCfg = Release|Any CPU
		{B91E579E-2D56-41F2-B086-3467EBF1D07C}.Ad-Hoc|Any CPU.Build.0 = Release|Any CPU
		{B91E579E-2D56-41F2-B086-3467EBF1D07C}.Ad-Hoc|ARM.ActiveCfg = Release|Any CPU
		{B91E579E-2D56-41F2-B086-3467EBF1D07C}.Ad-Hoc|ARM.Build.0 = Release|Any CPU
		{B91E579E-2D56-41F2-B086-3467EBF1D07C}.Ad-Hoc|iPhone.ActiveCfg = Release|Any CPU
		{B91E579E-2D56-41F2-B086-3467EBF1D07C}.Ad-Hoc|iPhone.Build.0 = Release|Any CPU
		{B91E579E-2D56-41F2-B086-3467EBF1D07C}.Ad-Hoc|iPhoneSimulator.ActiveCfg = Release|Any CPU
		{B91E579E-2D56-41F2-B086-3467EBF1D07C}.Ad-Hoc|iPhoneSimulator.Build.0 = Release|Any CPU
		{B91E579E-2D56-41F2-B086-3467EBF1D07C}.Ad-Hoc|x64.ActiveCfg = Release|Any CPU
		{B91E579E-2D56-41F2-B086-3467EBF1D07C}.Ad-Hoc|x64.Build.0 = Release|Any CPU
		{B91E579E-2D56-41F2-B086-3467EBF1D07C}.Ad-Hoc|x86.ActiveCfg = Release|x86
		{B91E579E-2D56-41F2-B086-3467EBF1D07C}.Ad-Hoc|x86.Build.0 = Release|x86
		{B91E579E-2D56-41F2-B086-3467EBF1D07C}.AppStore|Any CPU.ActiveCfg = Release|Any CPU
		{B91E579E-2D56-41F2-B086-3467EBF1D07C}.AppStore|Any CPU.Build.0 = Release|Any CPU
		{B91E579E-2D56-41F2-B086-3467EBF1D07C}.AppStore|ARM.ActiveCfg = Release|Any CPU
		{B91E579E-2D56-41F2-B086-3467EBF1D07C}.AppStore|ARM.Build.0 = Release|Any CPU
		{B91E579E-2D56-41F2-B086-3467EBF1D07C}.AppStore|iPhone.ActiveCfg = Release|Any CPU
		{B91E579E-2D56-41F2-B086-3467EBF1D07C}.AppStore|iPhone.Build.0 = Release|Any CPU
		{B91E579E-2D56-41F2-B086-3467EBF1D07C}.AppStore|iPhoneSimulator.ActiveCfg = Release|Any CPU
		{B91E579E-2D56-41F2-B086-3467EBF1D07C}.AppStore|iPhoneSimulator.Build.0 = Release|Any CPU
		{B91E579E-2D56-41F2-B086-3467EBF1D07C}.AppStore|x64.ActiveCfg = Release|Any CPU
		{B91E579E-2D56-41F2-B086-3467EBF1D07C}.AppStore|x64.Build.0 = Release|Any CPU
		{B91E579E-2D56-41F2-B086-3467EBF1D07C}.AppStore|x86.ActiveCfg = Release|x86
		{B91E579E-2D56-41F2-B086-3467EBF1D07C}.AppStore|x86.Build.0 = Release|x86
		{B91E579E-2D56-41F2-B086-3467EBF1D07C}.Debug|Any CPU.ActiveCfg = Debug|Any CPU
		{B91E579E-2D56-41F2-B086-3467EBF1D07C}.Debug|Any CPU.Build.0 = Debug|Any CPU
		{B91E579E-2D56-41F2-B086-3467EBF1D07C}.Debug|ARM.ActiveCfg = Debug|Any CPU
		{B91E579E-2D56-41F2-B086-3467EBF1D07C}.Debug|ARM.Build.0 = Debug|Any CPU
		{B91E579E-2D56-41F2-B086-3467EBF1D07C}.Debug|iPhone.ActiveCfg = Debug|Any CPU
		{B91E579E-2D56-41F2-B086-3467EBF1D07C}.Debug|iPhone.Build.0 = Debug|Any CPU
		{B91E579E-2D56-41F2-B086-3467EBF1D07C}.Debug|iPhoneSimulator.ActiveCfg = Debug|Any CPU
		{B91E579E-2D56-41F2-B086-3467EBF1D07C}.Debug|iPhoneSimulator.Build.0 = Debug|Any CPU
		{B91E579E-2D56-41F2-B086-3467EBF1D07C}.Debug|x64.ActiveCfg = Debug|Any CPU
		{B91E579E-2D56-41F2-B086-3467EBF1D07C}.Debug|x64.Build.0 = Debug|Any CPU
		{B91E579E-2D56-41F2-B086-3467EBF1D07C}.Debug|x86.ActiveCfg = Debug|x86
		{B91E579E-2D56-41F2-B086-3467EBF1D07C}.Debug|x86.Build.0 = Debug|x86
		{B91E579E-2D56-41F2-B086-3467EBF1D07C}.Release|Any CPU.ActiveCfg = Release|Any CPU
		{B91E579E-2D56-41F2-B086-3467EBF1D07C}.Release|Any CPU.Build.0 = Release|Any CPU
		{B91E579E-2D56-41F2-B086-3467EBF1D07C}.Release|ARM.ActiveCfg = Release|Any CPU
		{B91E579E-2D56-41F2-B086-3467EBF1D07C}.Release|ARM.Build.0 = Release|Any CPU
		{B91E579E-2D56-41F2-B086-3467EBF1D07C}.Release|iPhone.ActiveCfg = Release|Any CPU
		{B91E579E-2D56-41F2-B086-3467EBF1D07C}.Release|iPhone.Build.0 = Release|Any CPU
		{B91E579E-2D56-41F2-B086-3467EBF1D07C}.Release|iPhoneSimulator.ActiveCfg = Release|Any CPU
		{B91E579E-2D56-41F2-B086-3467EBF1D07C}.Release|iPhoneSimulator.Build.0 = Release|Any CPU
		{B91E579E-2D56-41F2-B086-3467EBF1D07C}.Release|x64.ActiveCfg = Release|Any CPU
		{B91E579E-2D56-41F2-B086-3467EBF1D07C}.Release|x64.Build.0 = Release|Any CPU
		{B91E579E-2D56-41F2-B086-3467EBF1D07C}.Release|x86.ActiveCfg = Release|x86
		{B91E579E-2D56-41F2-B086-3467EBF1D07C}.Release|x86.Build.0 = Release|x86
		{A1336584-CAD7-4B4A-94E1-93788BDC313C}.Ad-Hoc|Any CPU.ActiveCfg = Release|Any CPU
		{A1336584-CAD7-4B4A-94E1-93788BDC313C}.Ad-Hoc|Any CPU.Build.0 = Release|Any CPU
		{A1336584-CAD7-4B4A-94E1-93788BDC313C}.Ad-Hoc|ARM.ActiveCfg = Release|Any CPU
		{A1336584-CAD7-4B4A-94E1-93788BDC313C}.Ad-Hoc|ARM.Build.0 = Release|Any CPU
		{A1336584-CAD7-4B4A-94E1-93788BDC313C}.Ad-Hoc|iPhone.ActiveCfg = Release|Any CPU
		{A1336584-CAD7-4B4A-94E1-93788BDC313C}.Ad-Hoc|iPhone.Build.0 = Release|Any CPU
		{A1336584-CAD7-4B4A-94E1-93788BDC313C}.Ad-Hoc|iPhoneSimulator.ActiveCfg = Release|Any CPU
		{A1336584-CAD7-4B4A-94E1-93788BDC313C}.Ad-Hoc|iPhoneSimulator.Build.0 = Release|Any CPU
		{A1336584-CAD7-4B4A-94E1-93788BDC313C}.Ad-Hoc|x64.ActiveCfg = Release|Any CPU
		{A1336584-CAD7-4B4A-94E1-93788BDC313C}.Ad-Hoc|x64.Build.0 = Release|Any CPU
		{A1336584-CAD7-4B4A-94E1-93788BDC313C}.Ad-Hoc|x86.ActiveCfg = Release|Any CPU
		{A1336584-CAD7-4B4A-94E1-93788BDC313C}.Ad-Hoc|x86.Build.0 = Release|Any CPU
		{A1336584-CAD7-4B4A-94E1-93788BDC313C}.AppStore|Any CPU.ActiveCfg = Release|Any CPU
		{A1336584-CAD7-4B4A-94E1-93788BDC313C}.AppStore|Any CPU.Build.0 = Release|Any CPU
		{A1336584-CAD7-4B4A-94E1-93788BDC313C}.AppStore|ARM.ActiveCfg = Release|Any CPU
		{A1336584-CAD7-4B4A-94E1-93788BDC313C}.AppStore|ARM.Build.0 = Release|Any CPU
		{A1336584-CAD7-4B4A-94E1-93788BDC313C}.AppStore|iPhone.ActiveCfg = Release|Any CPU
		{A1336584-CAD7-4B4A-94E1-93788BDC313C}.AppStore|iPhone.Build.0 = Release|Any CPU
		{A1336584-CAD7-4B4A-94E1-93788BDC313C}.AppStore|iPhoneSimulator.ActiveCfg = Release|Any CPU
		{A1336584-CAD7-4B4A-94E1-93788BDC313C}.AppStore|iPhoneSimulator.Build.0 = Release|Any CPU
		{A1336584-CAD7-4B4A-94E1-93788BDC313C}.AppStore|x64.ActiveCfg = Release|Any CPU
		{A1336584-CAD7-4B4A-94E1-93788BDC313C}.AppStore|x64.Build.0 = Release|Any CPU
		{A1336584-CAD7-4B4A-94E1-93788BDC313C}.AppStore|x86.ActiveCfg = Release|Any CPU
		{A1336584-CAD7-4B4A-94E1-93788BDC313C}.AppStore|x86.Build.0 = Release|Any CPU
		{A1336584-CAD7-4B4A-94E1-93788BDC313C}.Debug|Any CPU.ActiveCfg = Debug|Any CPU
		{A1336584-CAD7-4B4A-94E1-93788BDC313C}.Debug|Any CPU.Build.0 = Debug|Any CPU
		{A1336584-CAD7-4B4A-94E1-93788BDC313C}.Debug|ARM.ActiveCfg = Debug|Any CPU
		{A1336584-CAD7-4B4A-94E1-93788BDC313C}.Debug|ARM.Build.0 = Debug|Any CPU
		{A1336584-CAD7-4B4A-94E1-93788BDC313C}.Debug|iPhone.ActiveCfg = Debug|Any CPU
		{A1336584-CAD7-4B4A-94E1-93788BDC313C}.Debug|iPhone.Build.0 = Debug|Any CPU
		{A1336584-CAD7-4B4A-94E1-93788BDC313C}.Debug|iPhoneSimulator.ActiveCfg = Debug|Any CPU
		{A1336584-CAD7-4B4A-94E1-93788BDC313C}.Debug|iPhoneSimulator.Build.0 = Debug|Any CPU
		{A1336584-CAD7-4B4A-94E1-93788BDC313C}.Debug|x64.ActiveCfg = Debug|Any CPU
		{A1336584-CAD7-4B4A-94E1-93788BDC313C}.Debug|x64.Build.0 = Debug|Any CPU
		{A1336584-CAD7-4B4A-94E1-93788BDC313C}.Debug|x86.ActiveCfg = Debug|Any CPU
		{A1336584-CAD7-4B4A-94E1-93788BDC313C}.Debug|x86.Build.0 = Debug|Any CPU
		{A1336584-CAD7-4B4A-94E1-93788BDC313C}.Release|Any CPU.ActiveCfg = Release|Any CPU
		{A1336584-CAD7-4B4A-94E1-93788BDC313C}.Release|Any CPU.Build.0 = Release|Any CPU
		{A1336584-CAD7-4B4A-94E1-93788BDC313C}.Release|ARM.ActiveCfg = Release|Any CPU
		{A1336584-CAD7-4B4A-94E1-93788BDC313C}.Release|ARM.Build.0 = Release|Any CPU
		{A1336584-CAD7-4B4A-94E1-93788BDC313C}.Release|iPhone.ActiveCfg = Release|Any CPU
		{A1336584-CAD7-4B4A-94E1-93788BDC313C}.Release|iPhone.Build.0 = Release|Any CPU
		{A1336584-CAD7-4B4A-94E1-93788BDC313C}.Release|iPhoneSimulator.ActiveCfg = Release|Any CPU
		{A1336584-CAD7-4B4A-94E1-93788BDC313C}.Release|iPhoneSimulator.Build.0 = Release|Any CPU
		{A1336584-CAD7-4B4A-94E1-93788BDC313C}.Release|x64.ActiveCfg = Release|Any CPU
		{A1336584-CAD7-4B4A-94E1-93788BDC313C}.Release|x64.Build.0 = Release|Any CPU
		{A1336584-CAD7-4B4A-94E1-93788BDC313C}.Release|x86.ActiveCfg = Release|Any CPU
		{A1336584-CAD7-4B4A-94E1-93788BDC313C}.Release|x86.Build.0 = Release|Any CPU
		{049AA555-682C-498D-BDE1-AE949F8C300C}.Ad-Hoc|Any CPU.ActiveCfg = Release|Any CPU
		{049AA555-682C-498D-BDE1-AE949F8C300C}.Ad-Hoc|Any CPU.Build.0 = Release|Any CPU
		{049AA555-682C-498D-BDE1-AE949F8C300C}.Ad-Hoc|ARM.ActiveCfg = Release|Any CPU
		{049AA555-682C-498D-BDE1-AE949F8C300C}.Ad-Hoc|ARM.Build.0 = Release|Any CPU
		{049AA555-682C-498D-BDE1-AE949F8C300C}.Ad-Hoc|iPhone.ActiveCfg = Release|Any CPU
		{049AA555-682C-498D-BDE1-AE949F8C300C}.Ad-Hoc|iPhone.Build.0 = Release|Any CPU
		{049AA555-682C-498D-BDE1-AE949F8C300C}.Ad-Hoc|iPhoneSimulator.ActiveCfg = Release|Any CPU
		{049AA555-682C-498D-BDE1-AE949F8C300C}.Ad-Hoc|iPhoneSimulator.Build.0 = Release|Any CPU
		{049AA555-682C-498D-BDE1-AE949F8C300C}.Ad-Hoc|x64.ActiveCfg = Release|Any CPU
		{049AA555-682C-498D-BDE1-AE949F8C300C}.Ad-Hoc|x64.Build.0 = Release|Any CPU
		{049AA555-682C-498D-BDE1-AE949F8C300C}.Ad-Hoc|x86.ActiveCfg = Release|Any CPU
		{049AA555-682C-498D-BDE1-AE949F8C300C}.Ad-Hoc|x86.Build.0 = Release|Any CPU
		{049AA555-682C-498D-BDE1-AE949F8C300C}.AppStore|Any CPU.ActiveCfg = Release|Any CPU
		{049AA555-682C-498D-BDE1-AE949F8C300C}.AppStore|Any CPU.Build.0 = Release|Any CPU
		{049AA555-682C-498D-BDE1-AE949F8C300C}.AppStore|ARM.ActiveCfg = Release|Any CPU
		{049AA555-682C-498D-BDE1-AE949F8C300C}.AppStore|ARM.Build.0 = Release|Any CPU
		{049AA555-682C-498D-BDE1-AE949F8C300C}.AppStore|iPhone.ActiveCfg = Release|Any CPU
		{049AA555-682C-498D-BDE1-AE949F8C300C}.AppStore|iPhone.Build.0 = Release|Any CPU
		{049AA555-682C-498D-BDE1-AE949F8C300C}.AppStore|iPhoneSimulator.ActiveCfg = Release|Any CPU
		{049AA555-682C-498D-BDE1-AE949F8C300C}.AppStore|iPhoneSimulator.Build.0 = Release|Any CPU
		{049AA555-682C-498D-BDE1-AE949F8C300C}.AppStore|x64.ActiveCfg = Release|Any CPU
		{049AA555-682C-498D-BDE1-AE949F8C300C}.AppStore|x64.Build.0 = Release|Any CPU
		{049AA555-682C-498D-BDE1-AE949F8C300C}.AppStore|x86.ActiveCfg = Release|Any CPU
		{049AA555-682C-498D-BDE1-AE949F8C300C}.AppStore|x86.Build.0 = Release|Any CPU
		{049AA555-682C-498D-BDE1-AE949F8C300C}.Debug|Any CPU.ActiveCfg = Debug|Any CPU
		{049AA555-682C-498D-BDE1-AE949F8C300C}.Debug|Any CPU.Build.0 = Debug|Any CPU
		{049AA555-682C-498D-BDE1-AE949F8C300C}.Debug|ARM.ActiveCfg = Debug|Any CPU
		{049AA555-682C-498D-BDE1-AE949F8C300C}.Debug|ARM.Build.0 = Debug|Any CPU
		{049AA555-682C-498D-BDE1-AE949F8C300C}.Debug|iPhone.ActiveCfg = Debug|Any CPU
		{049AA555-682C-498D-BDE1-AE949F8C300C}.Debug|iPhone.Build.0 = Debug|Any CPU
		{049AA555-682C-498D-BDE1-AE949F8C300C}.Debug|iPhoneSimulator.ActiveCfg = Debug|Any CPU
		{049AA555-682C-498D-BDE1-AE949F8C300C}.Debug|iPhoneSimulator.Build.0 = Debug|Any CPU
		{049AA555-682C-498D-BDE1-AE949F8C300C}.Debug|x64.ActiveCfg = Debug|Any CPU
		{049AA555-682C-498D-BDE1-AE949F8C300C}.Debug|x64.Build.0 = Debug|Any CPU
		{049AA555-682C-498D-BDE1-AE949F8C300C}.Debug|x86.ActiveCfg = Debug|Any CPU
		{049AA555-682C-498D-BDE1-AE949F8C300C}.Debug|x86.Build.0 = Debug|Any CPU
		{049AA555-682C-498D-BDE1-AE949F8C300C}.Release|Any CPU.ActiveCfg = Release|Any CPU
		{049AA555-682C-498D-BDE1-AE949F8C300C}.Release|Any CPU.Build.0 = Release|Any CPU
		{049AA555-682C-498D-BDE1-AE949F8C300C}.Release|ARM.ActiveCfg = Release|Any CPU
		{049AA555-682C-498D-BDE1-AE949F8C300C}.Release|ARM.Build.0 = Release|Any CPU
		{049AA555-682C-498D-BDE1-AE949F8C300C}.Release|iPhone.ActiveCfg = Release|Any CPU
		{049AA555-682C-498D-BDE1-AE949F8C300C}.Release|iPhone.Build.0 = Release|Any CPU
		{049AA555-682C-498D-BDE1-AE949F8C300C}.Release|iPhoneSimulator.ActiveCfg = Release|Any CPU
		{049AA555-682C-498D-BDE1-AE949F8C300C}.Release|iPhoneSimulator.Build.0 = Release|Any CPU
		{049AA555-682C-498D-BDE1-AE949F8C300C}.Release|x64.ActiveCfg = Release|Any CPU
		{049AA555-682C-498D-BDE1-AE949F8C300C}.Release|x64.Build.0 = Release|Any CPU
		{049AA555-682C-498D-BDE1-AE949F8C300C}.Release|x86.ActiveCfg = Release|Any CPU
		{049AA555-682C-498D-BDE1-AE949F8C300C}.Release|x86.Build.0 = Release|Any CPU
		{02C0A20B-6B86-488A-90D6-46F2A0325036}.Ad-Hoc|Any CPU.ActiveCfg = Debug|Any CPU
		{02C0A20B-6B86-488A-90D6-46F2A0325036}.Ad-Hoc|Any CPU.Build.0 = Debug|Any CPU
		{02C0A20B-6B86-488A-90D6-46F2A0325036}.Ad-Hoc|ARM.ActiveCfg = Debug|Any CPU
		{02C0A20B-6B86-488A-90D6-46F2A0325036}.Ad-Hoc|ARM.Build.0 = Debug|Any CPU
		{02C0A20B-6B86-488A-90D6-46F2A0325036}.Ad-Hoc|iPhone.ActiveCfg = Debug|Any CPU
		{02C0A20B-6B86-488A-90D6-46F2A0325036}.Ad-Hoc|iPhone.Build.0 = Debug|Any CPU
		{02C0A20B-6B86-488A-90D6-46F2A0325036}.Ad-Hoc|iPhoneSimulator.ActiveCfg = Debug|Any CPU
		{02C0A20B-6B86-488A-90D6-46F2A0325036}.Ad-Hoc|iPhoneSimulator.Build.0 = Debug|Any CPU
		{02C0A20B-6B86-488A-90D6-46F2A0325036}.Ad-Hoc|x64.ActiveCfg = Debug|Any CPU
		{02C0A20B-6B86-488A-90D6-46F2A0325036}.Ad-Hoc|x64.Build.0 = Debug|Any CPU
		{02C0A20B-6B86-488A-90D6-46F2A0325036}.Ad-Hoc|x86.ActiveCfg = Debug|Any CPU
		{02C0A20B-6B86-488A-90D6-46F2A0325036}.Ad-Hoc|x86.Build.0 = Debug|Any CPU
		{02C0A20B-6B86-488A-90D6-46F2A0325036}.AppStore|Any CPU.ActiveCfg = Debug|Any CPU
		{02C0A20B-6B86-488A-90D6-46F2A0325036}.AppStore|Any CPU.Build.0 = Debug|Any CPU
		{02C0A20B-6B86-488A-90D6-46F2A0325036}.AppStore|ARM.ActiveCfg = Debug|Any CPU
		{02C0A20B-6B86-488A-90D6-46F2A0325036}.AppStore|ARM.Build.0 = Debug|Any CPU
		{02C0A20B-6B86-488A-90D6-46F2A0325036}.AppStore|iPhone.ActiveCfg = Debug|Any CPU
		{02C0A20B-6B86-488A-90D6-46F2A0325036}.AppStore|iPhone.Build.0 = Debug|Any CPU
		{02C0A20B-6B86-488A-90D6-46F2A0325036}.AppStore|iPhoneSimulator.ActiveCfg = Debug|Any CPU
		{02C0A20B-6B86-488A-90D6-46F2A0325036}.AppStore|iPhoneSimulator.Build.0 = Debug|Any CPU
		{02C0A20B-6B86-488A-90D6-46F2A0325036}.AppStore|x64.ActiveCfg = Debug|Any CPU
		{02C0A20B-6B86-488A-90D6-46F2A0325036}.AppStore|x64.Build.0 = Debug|Any CPU
		{02C0A20B-6B86-488A-90D6-46F2A0325036}.AppStore|x86.ActiveCfg = Debug|Any CPU
		{02C0A20B-6B86-488A-90D6-46F2A0325036}.AppStore|x86.Build.0 = Debug|Any CPU
		{02C0A20B-6B86-488A-90D6-46F2A0325036}.Debug|Any CPU.ActiveCfg = Debug|Any CPU
		{02C0A20B-6B86-488A-90D6-46F2A0325036}.Debug|Any CPU.Build.0 = Debug|Any CPU
		{02C0A20B-6B86-488A-90D6-46F2A0325036}.Debug|ARM.ActiveCfg = Debug|Any CPU
		{02C0A20B-6B86-488A-90D6-46F2A0325036}.Debug|ARM.Build.0 = Debug|Any CPU
		{02C0A20B-6B86-488A-90D6-46F2A0325036}.Debug|iPhone.ActiveCfg = Debug|Any CPU
		{02C0A20B-6B86-488A-90D6-46F2A0325036}.Debug|iPhone.Build.0 = Debug|Any CPU
		{02C0A20B-6B86-488A-90D6-46F2A0325036}.Debug|iPhoneSimulator.ActiveCfg = Debug|Any CPU
		{02C0A20B-6B86-488A-90D6-46F2A0325036}.Debug|iPhoneSimulator.Build.0 = Debug|Any CPU
		{02C0A20B-6B86-488A-90D6-46F2A0325036}.Debug|x64.ActiveCfg = Debug|Any CPU
		{02C0A20B-6B86-488A-90D6-46F2A0325036}.Debug|x64.Build.0 = Debug|Any CPU
		{02C0A20B-6B86-488A-90D6-46F2A0325036}.Debug|x86.ActiveCfg = Debug|Any CPU
		{02C0A20B-6B86-488A-90D6-46F2A0325036}.Debug|x86.Build.0 = Debug|Any CPU
		{02C0A20B-6B86-488A-90D6-46F2A0325036}.Release|Any CPU.ActiveCfg = Release|Any CPU
		{02C0A20B-6B86-488A-90D6-46F2A0325036}.Release|Any CPU.Build.0 = Release|Any CPU
		{02C0A20B-6B86-488A-90D6-46F2A0325036}.Release|ARM.ActiveCfg = Release|Any CPU
		{02C0A20B-6B86-488A-90D6-46F2A0325036}.Release|ARM.Build.0 = Release|Any CPU
		{02C0A20B-6B86-488A-90D6-46F2A0325036}.Release|iPhone.ActiveCfg = Release|Any CPU
		{02C0A20B-6B86-488A-90D6-46F2A0325036}.Release|iPhone.Build.0 = Release|Any CPU
		{02C0A20B-6B86-488A-90D6-46F2A0325036}.Release|iPhoneSimulator.ActiveCfg = Release|Any CPU
		{02C0A20B-6B86-488A-90D6-46F2A0325036}.Release|iPhoneSimulator.Build.0 = Release|Any CPU
		{02C0A20B-6B86-488A-90D6-46F2A0325036}.Release|x64.ActiveCfg = Release|Any CPU
		{02C0A20B-6B86-488A-90D6-46F2A0325036}.Release|x64.Build.0 = Release|Any CPU
		{02C0A20B-6B86-488A-90D6-46F2A0325036}.Release|x86.ActiveCfg = Release|Any CPU
		{02C0A20B-6B86-488A-90D6-46F2A0325036}.Release|x86.Build.0 = Release|Any CPU
	EndGlobalSection
	GlobalSection(SolutionProperties) = preSolution
		HideSolutionNode = FALSE
	EndGlobalSection
	GlobalSection(ExtensibilityGlobals) = postSolution
		SolutionGuid = {068845F0-1CDF-47A8-801D-E3B20ACF0642}
	EndGlobalSection
EndGlobal
